# This file is automatically @generated by Cargo.
# It is not intended for manual editing.
version = 3

[[package]]
name = "librgss"
version = "0.1.0"

[[package]]
name = "rsgss"
version = "0.1.0"

[[package]]
name = "rsgss-binding-magnus"
version = "0.1.0"

[[package]]
name = "rsgss-binding-mlua"
version = "0.1.0"
